# This file is autogenerated, do not edit; changes may be undone by the next 'dep ensure'.


[[projects]]
  name = "github.com/tj/go-spin"
  packages = ["."]
  revision = "30574f5fadef1aa5c61d4c42e936785af9f03ada"
  version = "v1.1.0"

[solve-meta]
  analyzer-name = "dep"
  analyzer-version = 1
  inputs-digest = "834ee767508ae45ecf68f50ce053c9b2da25f7006e38c49d4fd39d84f9b78b63"
  solver-name = "gps-cdcl"
  solver-version = 1
